
Microsoft Visual Studio Solution File, Format Version 12.00
# Visual Studio 15
VisualStudioVersion = 15.0.28307.572
MinimumVisualStudioVersion = 10.0.40219.1
Project("{FAE04EC0-301F-11D3-BF4B-00C04F79EFBC}") = "20.05.0219", "20.05.0219\20.05.0219.csproj", "{185EA05B-5FDC-4A3C-A9CD-DAD23FBDD114}"
EndProject
Global
	GlobalSection(SolutionConfigurationPlatforms) = preSolution
		Debug|Any CPU = Debug|Any CPU
		Release|Any CPU = Release|Any CPU
	EndGlobalSection
	GlobalSection(ProjectConfigurationPlatforms) = postSolution
		{185EA05B-5FDC-4A3C-A9CD-DAD23FBDD114}.Debug|Any CPU.ActiveCfg = Debug|Any CPU
		{185EA05B-5FDC-4A3C-A9CD-DAD23FBDD114}.Debug|Any CPU.Build.0 = Debug|Any CPU
		{185EA05B-5FDC-4A3C-A9CD-DAD23FBDD114}.Release|Any CPU.ActiveCfg = Release|Any CPU
		{185EA05B-5FDC-4A3C-A9CD-DAD23FBDD114}.Release|Any CPU.Build.0 = Release|Any CPU
	EndGlobalSection
	GlobalSection(SolutionProperties) = preSolution
		HideSolutionNode = FALSE
	EndGlobalSection
	GlobalSection(ExtensibilityGlobals) = postSolution
		SolutionGuid = {C7A208BC-E693-4F1A-96B3-16DADFBC1D1A}
	EndGlobalSection
EndGlobal
